
Microsoft Visual Studio Solution File, Format Version 12.00
# Visual Studio 2012
Project("{FAE04EC0-301F-11D3-BF4B-00C04F79EFBC}") = "DpCommen", "DpCommen\DpCommen.csproj", "{564D5699-047F-4013-8F21-C1636ECB9885}"
EndProject
Global
	GlobalSection(SolutionConfigurationPlatforms) = preSolution
		Debug|Any CPU = Debug|Any CPU
		Release|Any CPU = Release|Any CPU
	EndGlobalSection
	GlobalSection(ProjectConfigurationPlatforms) = postSolution
		{564D5699-047F-4013-8F21-C1636ECB9885}.Debug|Any CPU.ActiveCfg = Debug|Any CPU
		{564D5699-047F-4013-8F21-C1636ECB9885}.Debug|Any CPU.Build.0 = Debug|Any CPU
		{564D5699-047F-4013-8F21-C1636ECB9885}.Release|Any CPU.ActiveCfg = Release|Any CPU
		{564D5699-047F-4013-8F21-C1636ECB9885}.Release|Any CPU.Build.0 = Release|Any CPU
	EndGlobalSection
	GlobalSection(SolutionProperties) = preSolution
		HideSolutionNode = FALSE
	EndGlobalSection
EndGlobal
